{
  "version": 4,
  "terraform_version": "1.4.2",
  "serial": 8,
  "lineage": "ae7f30c1-79cb-5b51-41ed-3261846849e3",
  "outputs": {},
  "resources": [
    {
      "mode": "data",
      "type": "aws_eks_cluster",
      "name": "exam",
      "provider": "provider[\"registry.terraform.io/hashicorp/aws\"]",
      "instances": [
        {
          "schema_version": 0,
          "attributes": {
            "arn": "arn:aws:eks:eu-west-2:722350226081:cluster/exam",
            "certificate_authority": [
              {
                "data": "LS0tLS1CRUdJTiBDRVJUSUZJQ0FURS0tLS0tCk1JSUMvakNDQWVhZ0F3SUJBZ0lCQURBTkJna3Foa2lHOXcwQkFRc0ZBREFWTVJNd0VRWURWUVFERXdwcmRXSmwKY201bGRHVnpNQjRYRFRJek1ETXhPREF5TlRNek5Wb1hEVE16TURNeE5UQXlOVE16TlZvd0ZURVRNQkVHQTFVRQpBeE1LYTNWaVpYSnVaWFJsY3pDQ0FTSXdEUVlKS29aSWh2Y05BUUVCQlFBRGdnRVBBRENDQVFvQ2dnRUJBTVUyCk4xb2hlSVpqMWR2cWF6bzZFZ0FEM2l6QU8wUkRvdUdXYXhTTXBXQkR4M0ZrSjU0UEQ3VWNrakRnT3NiVHl0Yk4KOEdVZWpkcnNOZjRXUmJyZ29JdG9UMUxIYys0UnpQOExVeWpZSkE5RWRWS2FjMDhhRitoblZqc3Z2NlJLU01yTgpMY0NWL3VCOFZ1STVQK0pyUVh5NHNTWUxhQUoxbnZzU0ZJLzN5S2NaZHA0a25TWnA2VnVKWWJkTUFmOTRiYnNZCkh3QlEvMDF1bHVmWURPQ3l4R3I1czNmSVZLQXdpWDhmSUV4cEVNKzVZZEJUcHBRZkxHSEhYcFIvakJCd1N2WTMKN0Zid21WeHFjZkwzZDc2UGtnSXRLTWs0bnEvK0ZNbFFHeTdSYzNmTDFQM054NUFhQk8xNXp4cCttdXdDM2hmQgprdGNYUTY0eEtJdXRSNEgyTUNFQ0F3RUFBYU5aTUZjd0RnWURWUjBQQVFIL0JBUURBZ0trTUE4R0ExVWRFd0VCCi93UUZNQU1CQWY4d0hRWURWUjBPQkJZRUZGdEllMWQvRy80ei9hN2xlVGVKSDgvaFltN2ZNQlVHQTFVZEVRUU8KTUF5Q0NtdDFZbVZ5Ym1WMFpYTXdEUVlKS29aSWh2Y05BUUVMQlFBRGdnRUJBSWt5MFBLNlZXNG5wMHMrY2VzcApDNWFMTlZIQ1dYZ3JibDR6N010OGl0SkVCTVdhWS9tcVMyMDN1akRZS3ZROTFPRmpsMWpGUmRTTXVuTjF3ZUYrClJtU0JpQ2R5QU9XQ2E0V3BiMStiU0tFVmVYZ3J1ekxtSVB4VGtuU28yYWdvZkJuUkJDbFlYdnpqMS90dnJWM3kKQlF2MHhnQWdseWFTbkZOWHdtVk5teGE0ZHJMS0VLMWM4MDVJSFRCcnZvZ1RjMDdmWXNZM1R3VytOVDJiSlZxNgpIdmFrL0hJQU9pOGZuQ0hsRm1rbHk5Y0ZiNzU1REEwS2tBemtSZm1nYnZ3NUdRbUhQeGpjMUMrUGJTRUcyV3JFCktkc2FUN2JNMjMvdC90SzhHK1R0eThUamZyT1pkc2JYN2cyUUwvTE43OCsvN0lKZVpudExNeEU5WnhqOHdHVU0KcFJZPQotLS0tLUVORCBDRVJUSUZJQ0FURS0tLS0tCg=="
              }
            ],
            "cluster_id": null,
            "created_at": "2023-03-18 02:48:07.153 +0000 UTC",
            "enabled_cluster_log_types": [],
            "endpoint": "https://2FB19EB7B2527151B85DFD08D4BF4ABA.yl4.eu-west-2.eks.amazonaws.com",
            "id": "exam",
            "identity": [
              {
                "oidc": [
                  {
                    "issuer": "https://oidc.eks.eu-west-2.amazonaws.com/id/2FB19EB7B2527151B85DFD08D4BF4ABA"
                  }
                ]
              }
            ],
            "kubernetes_network_config": [
              {
                "ip_family": "ipv4",
                "service_ipv4_cidr": "172.20.0.0/16",
                "service_ipv6_cidr": ""
              }
            ],
            "name": "exam",
            "outpost_config": [],
            "platform_version": "eks.1",
            "role_arn": "arn:aws:iam::722350226081:role/eks-cluster-exam",
            "status": "ACTIVE",
            "tags": {},
            "version": "1.25",
            "vpc_config": [
              {
                "cluster_security_group_id": "sg-05aee0905343e9eec",
                "endpoint_private_access": false,
                "endpoint_public_access": true,
                "public_access_cidrs": [
                  "0.0.0.0/0"
                ],
                "security_group_ids": [],
                "subnet_ids": [
                  "subnet-057030094e0ad3ecc",
                  "subnet-059b8496c3764523c",
                  "subnet-0ac04514f7e2fc3cf",
                  "subnet-0f4c704c0f88c4fe8"
                ],
                "vpc_id": "vpc-046ba7dc56c590bc0"
              }
            ]
          },
          "sensitive_attributes": []
        }
      ]
    },
    {
      "mode": "data",
      "type": "aws_eks_cluster_auth",
      "name": "exam_auth",
      "provider": "provider[\"registry.terraform.io/hashicorp/aws\"]",
      "instances": [
        {
          "schema_version": 0,
          "attributes": {
            "id": "exam_auth",
            "name": "exam_auth",
            "token": "k8s-aws-v1.aHR0cHM6Ly9zdHMuYW1hem9uYXdzLmNvbS8_QWN0aW9uPUdldENhbGxlcklkZW50aXR5JlZlcnNpb249MjAxMS0wNi0xNSZYLUFtei1BbGdvcml0aG09QVdTNC1ITUFDLVNIQTI1NiZYLUFtei1DcmVkZW50aWFsPUFLSUEyUUwzTlhLUTJOWFRMVlVRJTJGMjAyMzAzMTklMkZ1cy1lYXN0LTElMkZzdHMlMkZhd3M0X3JlcXVlc3QmWC1BbXotRGF0ZT0yMDIzMDMxOVQwMTMwMTdaJlgtQW16LUV4cGlyZXM9MCZYLUFtei1TaWduZWRIZWFkZXJzPWhvc3QlM0J4LWs4cy1hd3MtaWQmWC1BbXotU2lnbmF0dXJlPWM1ZTZlYjY0ZWI1ZDgxYjIyYmZhMWU1MjhiNzhjODYxMjBlYTY5ZjMzMmMxODlmNzNjMzRhMjM3ZWY0NWYzNWQ"
          },
          "sensitive_attributes": []
        }
      ]
    },
    {
      "mode": "managed",
      "type": "kubernetes_ingress_v1",
      "name": "micro-ingress",
      "provider": "provider[\"registry.terraform.io/hashicorp/kubernetes\"]",
      "instances": [
        {
          "schema_version": 0,
          "attributes": {
            "id": "sock-app/sock-app",
            "metadata": [
              {
                "annotations": {
                  "kubernetes.io/ingress.class": "nginx"
                },
                "generate_name": "",
                "generation": 1,
                "labels": {
                  "name": "front-end"
                },
                "name": "sock-app",
                "namespace": "sock-app",
                "resource_version": "229773",
                "uid": "d193c358-c921-429c-bb01-c60aa6749ed3"
              }
            ],
            "spec": [
              {
                "default_backend": [],
                "ingress_class_name": "",
                "rule": [
                  {
                    "host": "socks-shop.olabodeadetula.me",
                    "http": [
                      {
                        "path": [
                          {
                            "backend": [
                              {
                                "resource": [],
                                "service": [
                                  {
                                    "name": "front-end",
                                    "port": [
                                      {
                                        "name": "",
                                        "number": 80
                                      }
                                    ]
                                  }
                                ]
                              }
                            ],
                            "path": "",
                            "path_type": "ImplementationSpecific"
                          }
                        ]
                      }
                    ]
                  }
                ],
                "tls": []
              }
            ],
            "status": [
              {
                "load_balancer": [
                  {
                    "ingress": []
                  }
                ]
              }
            ],
            "wait_for_load_balancer": null
          },
          "sensitive_attributes": [],
          "private": "bnVsbA==",
          "dependencies": [
            "data.aws_eks_cluster.exam"
          ]
        }
      ]
    },
    {
      "mode": "managed",
      "type": "kubernetes_ingress_v1",
      "name": "voting-ingress",
      "provider": "provider[\"registry.terraform.io/hashicorp/kubernetes\"]",
      "instances": [
        {
          "schema_version": 0,
          "attributes": {
            "id": "default/azure-vote-front",
            "metadata": [
              {
                "annotations": {
                  "kubernetes.io/ingress.class": "nginx"
                },
                "generate_name": "",
                "generation": 2,
                "labels": {
                  "name": "azure-vote-front"
                },
                "name": "azure-vote-front",
                "namespace": "default",
                "resource_version": "229287",
                "uid": "2de9d236-8722-44c7-9257-3c80bd6fab36"
              }
            ],
            "spec": [
              {
                "default_backend": [],
                "ingress_class_name": "",
                "rule": [
                  {
                    "host": "vote.olabodeadetula.me",
                    "http": [
                      {
                        "path": [
                          {
                            "backend": [
                              {
                                "resource": [],
                                "service": [
                                  {
                                    "name": "azure-vote-front",
                                    "port": [
                                      {
                                        "name": "",
                                        "number": 80
                                      }
                                    ]
                                  }
                                ]
                              }
                            ],
                            "path": "",
                            "path_type": "ImplementationSpecific"
                          }
                        ]
                      }
                    ]
                  }
                ],
                "tls": []
              }
            ],
            "status": [
              {
                "load_balancer": [
                  {
                    "ingress": [
                      {
                        "hostname": "a34a3df654c4c4a53adea8f4ed94870c-246141973.eu-west-2.elb.amazonaws.com",
                        "ip": ""
                      }
                    ]
                  }
                ]
              }
            ],
            "wait_for_load_balancer": null
          },
          "sensitive_attributes": [],
          "private": "bnVsbA==",
          "dependencies": [
            "data.aws_eks_cluster.exam"
          ]
        }
      ]
    }
  ],
  "check_results": null
}
