{
  "version": 4,
  "terraform_version": "1.4.2",
  "serial": 3,
  "lineage": "86ba6112-08a7-cc04-2e57-b6fea3ee6cd6",
  "outputs": {},
  "resources": [
    {
      "mode": "data",
      "type": "aws_eks_cluster",
      "name": "exam",
      "provider": "provider[\"registry.terraform.io/hashicorp/aws\"]",
      "instances": [
        {
          "schema_version": 0,
          "attributes": {
            "arn": "arn:aws:eks:eu-west-2:722350226081:cluster/exam",
            "certificate_authority": [
              {
                "data": "LS0tLS1CRUdJTiBDRVJUSUZJQ0FURS0tLS0tCk1JSUMvakNDQWVhZ0F3SUJBZ0lCQURBTkJna3Foa2lHOXcwQkFRc0ZBREFWTVJNd0VRWURWUVFERXdwcmRXSmwKY201bGRHVnpNQjRYRFRJek1ETXlNVEUxTURVME1Wb1hEVE16TURNeE9ERTFNRFUwTVZvd0ZURVRNQkVHQTFVRQpBeE1LYTNWaVpYSnVaWFJsY3pDQ0FTSXdEUVlKS29aSWh2Y05BUUVCQlFBRGdnRVBBRENDQVFvQ2dnRUJBTDUxCk5EempGY2pCVzZLQWpCUzJ1MTJKNnlQVU9LaWZQR1BYVDU3Z2IxNTFQZWtrY1pYOVFvcTNpelBwQm1SV0Z1ZE8KOW54aUhlN1dRcHhqY3hreUFYM212NVJld2JXbGpFTWxUVGxXRnZHRUdSdnE2aXNrYkpscEtmOFZMUVlrQXVXagovejBDbkxjYkh3MmFsN3hvbWw3Y1R2TjI5T2lZeHRsSDRtMDVUa0NpdmkzaEFUWUlsVWFyeHNnTzhuKzV6ZXZiClpXQ00yeHlXQ3ZEZDVTelRicFBGK3IvTWRkaThZN0FEUmsyejZZSEtKcmVVcjlNSTl3TWpzVjBPdENBd0o5YWQKR3pvaG5ycThmTW1Bc1Q0b2NBRmtZejIxcEFSMWxZQU9LNnhkYmx5Z05Ka095T3kwQXFWQnc0V29OMENBcmozMgpyeHBzKzFSRVFDZ0U3bDFTK1djQ0F3RUFBYU5aTUZjd0RnWURWUjBQQVFIL0JBUURBZ0trTUE4R0ExVWRFd0VCCi93UUZNQU1CQWY4d0hRWURWUjBPQkJZRUZKZHJTWTdXM0o1ZThzNUVKSWpkblF0V2o3U0xNQlVHQTFVZEVRUU8KTUF5Q0NtdDFZbVZ5Ym1WMFpYTXdEUVlKS29aSWh2Y05BUUVMQlFBRGdnRUJBS1pyKzVhODNtSWwxb2R2RjlLYQoyams2UXlVWlB6aXBUd2tGTG1EeG5raFV1T1NqOUVWdmNqMUpxb1lXMG42T2U1YkIwZ1NxMUpEaklWd1NPelNvCnhtVzIySlE0dHh1SjA5YVl1eENQN1VTbW5mYUNvOVdqNm0vRFIvRDU1MERiUFZZbXBGMWhOZGpXeDM4Mzl4bWgKc0FiS0hsQlo1VmVHZE90YTU3SjNGVHhPeW5HZUZtaXd5cmc1VWJMdm1BQTB4NFdsdVRnNHJRRWdkL2xDRFZTaApDbzRhM2tKQVczTTFKRjNnVWNQNkIrWXJ0c3NnbHdXNU1zT3haTnprVVhxallkMGE4Q09YdzVFZkFtN3VXeHU2ClZNY09kZkFrT1g0VnRHSFdGK3Q3SkhQK3BUMEdJQjhZdC9mYXU0Qnd2U0c0bGFaUnVNb2xwNXZ4S0gzbFNzakUKZ2hzPQotLS0tLUVORCBDRVJUSUZJQ0FURS0tLS0tCg=="
              }
            ],
            "cluster_id": null,
            "created_at": "2023-03-21 15:00:35.796 +0000 UTC",
            "enabled_cluster_log_types": [],
            "endpoint": "https://3DEDAB7F146FD6B680E0CFAAD0DC86CA.gr7.eu-west-2.eks.amazonaws.com",
            "id": "exam",
            "identity": [
              {
                "oidc": [
                  {
                    "issuer": "https://oidc.eks.eu-west-2.amazonaws.com/id/3DEDAB7F146FD6B680E0CFAAD0DC86CA"
                  }
                ]
              }
            ],
            "kubernetes_network_config": [
              {
                "ip_family": "ipv4",
                "service_ipv4_cidr": "172.20.0.0/16",
                "service_ipv6_cidr": ""
              }
            ],
            "name": "exam",
            "outpost_config": [],
            "platform_version": "eks.1",
            "role_arn": "arn:aws:iam::722350226081:role/exams-ekscluster",
            "status": "ACTIVE",
            "tags": {},
            "version": "1.25",
            "vpc_config": [
              {
                "cluster_security_group_id": "sg-0e28f21c9d26f2741",
                "endpoint_private_access": false,
                "endpoint_public_access": true,
                "public_access_cidrs": [
                  "0.0.0.0/0"
                ],
                "security_group_ids": [],
                "subnet_ids": [
                  "subnet-01bed318309a6a734",
                  "subnet-05dea3949f8b20857",
                  "subnet-0b9c8ae04dc926ca6",
                  "subnet-0f38e8b1dc698b917"
                ],
                "vpc_id": "vpc-091feb75ba6b3a365"
              }
            ]
          },
          "sensitive_attributes": []
        }
      ]
    },
    {
      "mode": "data",
      "type": "aws_eks_cluster_auth",
      "name": "exam_auth",
      "provider": "provider[\"registry.terraform.io/hashicorp/aws\"]",
      "instances": [
        {
          "schema_version": 0,
          "attributes": {
            "id": "exam_auth",
            "name": "exam_auth",
            "token": "k8s-aws-v1.aHR0cHM6Ly9zdHMuYW1hem9uYXdzLmNvbS8_QWN0aW9uPUdldENhbGxlcklkZW50aXR5JlZlcnNpb249MjAxMS0wNi0xNSZYLUFtei1BbGdvcml0aG09QVdTNC1ITUFDLVNIQTI1NiZYLUFtei1DcmVkZW50aWFsPUFLSUEyUUwzTlhLUTJOWFRMVlVRJTJGMjAyMzAzMjIlMkZ1cy1lYXN0LTElMkZzdHMlMkZhd3M0X3JlcXVlc3QmWC1BbXotRGF0ZT0yMDIzMDMyMlQyMjIzMTBaJlgtQW16LUV4cGlyZXM9MCZYLUFtei1TaWduZWRIZWFkZXJzPWhvc3QlM0J4LWs4cy1hd3MtaWQmWC1BbXotU2lnbmF0dXJlPWFjY2YxMmQ5NjVhNTZkMjdiMWI0MjE5NTAwYjNhZDMxNjdkYjgzMGZlYWQ4ODliMzhiYmViOTMxMjU3NWY1NDE"
          },
          "sensitive_attributes": []
        }
      ]
    },
    {
      "mode": "managed",
      "type": "kubernetes_ingress_v1",
      "name": "voting-ingress",
      "provider": "provider[\"registry.terraform.io/hashicorp/kubernetes\"]",
      "instances": [
        {
          "schema_version": 0,
          "attributes": {
            "id": "default/azure-vote-front",
            "metadata": [
              {
                "annotations": {
                  "kubernetes.io/ingress.class": "nginx"
                },
                "generate_name": "",
                "generation": 1,
                "labels": {
                  "name": "azure-vote-front"
                },
                "name": "azure-vote-front",
                "namespace": "default",
                "resource_version": "329330",
                "uid": "4e904062-6ef1-4a2a-85b7-f22572c9f44b"
              }
            ],
            "spec": [
              {
                "default_backend": [],
                "ingress_class_name": "",
                "rule": [
                  {
                    "host": "vote.olabodeadetula.me",
                    "http": [
                      {
                        "path": [
                          {
                            "backend": [
                              {
                                "resource": [],
                                "service": [
                                  {
                                    "name": "azure-vote-front",
                                    "port": [
                                      {
                                        "name": "",
                                        "number": 80
                                      }
                                    ]
                                  }
                                ]
                              }
                            ],
                            "path": "",
                            "path_type": "ImplementationSpecific"
                          }
                        ]
                      }
                    ]
                  }
                ],
                "tls": []
              }
            ],
            "status": [
              {
                "load_balancer": [
                  {
                    "ingress": []
                  }
                ]
              }
            ],
            "wait_for_load_balancer": null
          },
          "sensitive_attributes": [],
          "private": "bnVsbA==",
          "dependencies": [
            "data.aws_eks_cluster.exam"
          ]
        }
      ]
    }
  ],
  "check_results": null
}
